{
  "originHash" : "c751c31339e5377c2d15ef4571b615225c1ca3638fa3fe85e7fd27387c910b87",
  "pins" : [
    {
      "identity" : "permissionflow",
      "kind" : "remoteSourceControl",
      "location" : "https://github.com/lifedever/PermissionFlow.git",
      "state" : {
        "revision" : "382510b731d5ad52682a504d657e256e7bd3d90d",
        "version" : "0.1.0"
      }
    }
  ],
  "version" : 3
}
