{
  "originHash" : "aca1d6307b8ff079445e1f0d222e68091b4d27f4ef982d8f29a224ae476ce5b4",
  "pins" : [
    {
      "identity" : "permissionflow",
      "kind" : "remoteSourceControl",
      "location" : "https://github.com/lifedever/PermissionFlow.git",
      "state" : {
        "revision" : "382510b731d5ad52682a504d657e256e7bd3d90d"
      }
    }
  ],
  "version" : 3
}
